
Microsoft Visual Studio Solution File, Format Version 12.00
# Visual Studio Version 16
VisualStudioVersion = 16.0.31112.23
MinimumVisualStudioVersion = 10.0.40219.1
Project("{FAE04EC0-301F-11D3-BF4B-00C04F79EFBC}") = "Linear Search", "Linear Search\Linear Search.csproj", "{1EC2DFB5-6DEC-4A92-B324-6B2117B06BB6}"
EndProject
Global
	GlobalSection(SolutionConfigurationPlatforms) = preSolution
		Debug|Any CPU = Debug|Any CPU
		Release|Any CPU = Release|Any CPU
	EndGlobalSection
	GlobalSection(ProjectConfigurationPlatforms) = postSolution
		{1EC2DFB5-6DEC-4A92-B324-6B2117B06BB6}.Debug|Any CPU.ActiveCfg = Debug|Any CPU
		{1EC2DFB5-6DEC-4A92-B324-6B2117B06BB6}.Debug|Any CPU.Build.0 = Debug|Any CPU
		{1EC2DFB5-6DEC-4A92-B324-6B2117B06BB6}.Release|Any CPU.ActiveCfg = Release|Any CPU
		{1EC2DFB5-6DEC-4A92-B324-6B2117B06BB6}.Release|Any CPU.Build.0 = Release|Any CPU
	EndGlobalSection
	GlobalSection(SolutionProperties) = preSolution
		HideSolutionNode = FALSE
	EndGlobalSection
	GlobalSection(ExtensibilityGlobals) = postSolution
		SolutionGuid = {09FF48F2-752F-4E85-9D5F-35E1DF71AF04}
	EndGlobalSection
EndGlobal
